
Microsoft Visual Studio Solution File, Format Version 12.00
# Visual Studio Version 17
VisualStudioVersion = 17.1.32414.318
MinimumVisualStudioVersion = 10.0.40219.1
Project("{2150E333-8FDC-42A3-9474-1A3956D46DE8}") = "SolutionItems", "SolutionItems", "{CE650843-0437-44F0-8E27-D8BCBE42734B}"
	ProjectSection(SolutionItems) = preProject
		.editorconfig = .editorconfig
	EndProjectSection
EndProject
Project("{9A19103F-16F7-4668-BE54-9A1E7A4F7556}") = "Common.Utilities", "Common.Utilities\Common.Utilities.csproj", "{7D6EB982-BD1E-41BB-B925-307E79332A7F}"
EndProject
Project("{9A19103F-16F7-4668-BE54-9A1E7A4F7556}") = "Common.PlayingCards", "Common.PlayingCards\Common.PlayingCards.csproj", "{36C9CE91-A485-410A-ABFD-E8F9D531D870}"
EndProject
Project("{2150E333-8FDC-42A3-9474-1A3956D46DE8}") = "API", "API", "{C91629AD-5439-427A-AAB2-47C5D5CFBD10}"
EndProject
Project("{2150E333-8FDC-42A3-9474-1A3956D46DE8}") = "Common", "Common", "{35AEA6B7-D5B9-4B69-9C63-BAFE7F745453}"
EndProject
Project("{2150E333-8FDC-42A3-9474-1A3956D46DE8}") = "Games", "Games", "{2483B786-610C-4C01-AE7F-6F11933BBA0B}"
EndProject
Project("{9A19103F-16F7-4668-BE54-9A1E7A4F7556}") = "NoName.WebClient", "NoName.WebClient\NoName.WebClient.csproj", "{1FB37B67-B0F4-41AC-B450-024727D65B42}"
EndProject
Project("{9A19103F-16F7-4668-BE54-9A1E7A4F7556}") = "Game.AnimalFiveHead", "Game.AnimalFiveHead\Game.AnimalFiveHead.csproj", "{51B6B0A7-1B66-4812-865B-6848A6D37E19}"
EndProject
Project("{9A19103F-16F7-4668-BE54-9A1E7A4F7556}") = "NoName.FunApi", "NoName.FunApi\NoName.FunApi.csproj", "{8FBBA8F8-547E-4922-8AEF-27B917EA53D7}"
EndProject
Project("{2150E333-8FDC-42A3-9474-1A3956D46DE8}") = "Databases", "Databases", "{853937B2-9CA5-49C2-9EB1-34C7513A5027}"
EndProject
Project("{00D1A9C2-B5F0-4AF3-8072-F6C62B433612}") = "Database.AnimalFiveHead", "Database.AnimalFiveHead\Database.AnimalFiveHead.sqlproj", "{C8F49B4C-4924-498D-99B6-08A444873031}"
EndProject
Project("{9A19103F-16F7-4668-BE54-9A1E7A4F7556}") = "Database.Entity.AnimalFiveHead", "Database.Entity.AnimalFiveHead\Database.Entity.AnimalFiveHead.csproj", "{949E049F-104A-464A-B6ED-8DA52B55F594}"
EndProject
Project("{9A19103F-16F7-4668-BE54-9A1E7A4F7556}") = "Common.DatabaseDapperAccess", "Common.DatabaseDapperAccess\Common.DatabaseDapperAccess.csproj", "{D8F5268D-988D-4D5A-99E9-5155E310E1E0}"
EndProject
Project("{9A19103F-16F7-4668-BE54-9A1E7A4F7556}") = "Common.Models", "Common.Models\Common.Models.csproj", "{3857DDEB-A8C4-4165-B1A3-C54B0AC4DEEF}"
EndProject
Project("{2150E333-8FDC-42A3-9474-1A3956D46DE8}") = "Tests", "Tests", "{8153A669-715C-40A5-87B8-AF1F9F90A8FB}"
EndProject
Project("{FAE04EC0-301F-11D3-BF4B-00C04F79EFBC}") = "NoName.FunApi.Tests", "NoName.FunApi.Tests\NoName.FunApi.Tests.csproj", "{2A1583F9-594B-4A60-B42B-D7B37CC82AA7}"
EndProject
Global
	GlobalSection(SolutionConfigurationPlatforms) = preSolution
		Debug|Any CPU = Debug|Any CPU
		Release|Any CPU = Release|Any CPU
	EndGlobalSection
	GlobalSection(ProjectConfigurationPlatforms) = postSolution
		{7D6EB982-BD1E-41BB-B925-307E79332A7F}.Debug|Any CPU.ActiveCfg = Debug|Any CPU
		{7D6EB982-BD1E-41BB-B925-307E79332A7F}.Debug|Any CPU.Build.0 = Debug|Any CPU
		{7D6EB982-BD1E-41BB-B925-307E79332A7F}.Release|Any CPU.ActiveCfg = Release|Any CPU
		{7D6EB982-BD1E-41BB-B925-307E79332A7F}.Release|Any CPU.Build.0 = Release|Any CPU
		{36C9CE91-A485-410A-ABFD-E8F9D531D870}.Debug|Any CPU.ActiveCfg = Debug|Any CPU
		{36C9CE91-A485-410A-ABFD-E8F9D531D870}.Debug|Any CPU.Build.0 = Debug|Any CPU
		{36C9CE91-A485-410A-ABFD-E8F9D531D870}.Release|Any CPU.ActiveCfg = Release|Any CPU
		{36C9CE91-A485-410A-ABFD-E8F9D531D870}.Release|Any CPU.Build.0 = Release|Any CPU
		{1FB37B67-B0F4-41AC-B450-024727D65B42}.Debug|Any CPU.ActiveCfg = Debug|Any CPU
		{1FB37B67-B0F4-41AC-B450-024727D65B42}.Debug|Any CPU.Build.0 = Debug|Any CPU
		{1FB37B67-B0F4-41AC-B450-024727D65B42}.Release|Any CPU.ActiveCfg = Release|Any CPU
		{1FB37B67-B0F4-41AC-B450-024727D65B42}.Release|Any CPU.Build.0 = Release|Any CPU
		{51B6B0A7-1B66-4812-865B-6848A6D37E19}.Debug|Any CPU.ActiveCfg = Debug|Any CPU
		{51B6B0A7-1B66-4812-865B-6848A6D37E19}.Debug|Any CPU.Build.0 = Debug|Any CPU
		{51B6B0A7-1B66-4812-865B-6848A6D37E19}.Release|Any CPU.ActiveCfg = Release|Any CPU
		{51B6B0A7-1B66-4812-865B-6848A6D37E19}.Release|Any CPU.Build.0 = Release|Any CPU
		{8FBBA8F8-547E-4922-8AEF-27B917EA53D7}.Debug|Any CPU.ActiveCfg = Debug|Any CPU
		{8FBBA8F8-547E-4922-8AEF-27B917EA53D7}.Debug|Any CPU.Build.0 = Debug|Any CPU
		{8FBBA8F8-547E-4922-8AEF-27B917EA53D7}.Release|Any CPU.ActiveCfg = Release|Any CPU
		{8FBBA8F8-547E-4922-8AEF-27B917EA53D7}.Release|Any CPU.Build.0 = Release|Any CPU
		{C8F49B4C-4924-498D-99B6-08A444873031}.Debug|Any CPU.ActiveCfg = Debug|Any CPU
		{C8F49B4C-4924-498D-99B6-08A444873031}.Debug|Any CPU.Build.0 = Debug|Any CPU
		{C8F49B4C-4924-498D-99B6-08A444873031}.Debug|Any CPU.Deploy.0 = Debug|Any CPU
		{C8F49B4C-4924-498D-99B6-08A444873031}.Release|Any CPU.ActiveCfg = Release|Any CPU
		{C8F49B4C-4924-498D-99B6-08A444873031}.Release|Any CPU.Build.0 = Release|Any CPU
		{C8F49B4C-4924-498D-99B6-08A444873031}.Release|Any CPU.Deploy.0 = Release|Any CPU
		{949E049F-104A-464A-B6ED-8DA52B55F594}.Debug|Any CPU.ActiveCfg = Debug|Any CPU
		{949E049F-104A-464A-B6ED-8DA52B55F594}.Debug|Any CPU.Build.0 = Debug|Any CPU
		{949E049F-104A-464A-B6ED-8DA52B55F594}.Release|Any CPU.ActiveCfg = Release|Any CPU
		{949E049F-104A-464A-B6ED-8DA52B55F594}.Release|Any CPU.Build.0 = Release|Any CPU
		{D8F5268D-988D-4D5A-99E9-5155E310E1E0}.Debug|Any CPU.ActiveCfg = Debug|Any CPU
		{D8F5268D-988D-4D5A-99E9-5155E310E1E0}.Debug|Any CPU.Build.0 = Debug|Any CPU
		{D8F5268D-988D-4D5A-99E9-5155E310E1E0}.Release|Any CPU.ActiveCfg = Release|Any CPU
		{D8F5268D-988D-4D5A-99E9-5155E310E1E0}.Release|Any CPU.Build.0 = Release|Any CPU
		{3857DDEB-A8C4-4165-B1A3-C54B0AC4DEEF}.Debug|Any CPU.ActiveCfg = Debug|Any CPU
		{3857DDEB-A8C4-4165-B1A3-C54B0AC4DEEF}.Debug|Any CPU.Build.0 = Debug|Any CPU
		{3857DDEB-A8C4-4165-B1A3-C54B0AC4DEEF}.Release|Any CPU.ActiveCfg = Release|Any CPU
		{3857DDEB-A8C4-4165-B1A3-C54B0AC4DEEF}.Release|Any CPU.Build.0 = Release|Any CPU
		{2A1583F9-594B-4A60-B42B-D7B37CC82AA7}.Debug|Any CPU.ActiveCfg = Debug|Any CPU
		{2A1583F9-594B-4A60-B42B-D7B37CC82AA7}.Debug|Any CPU.Build.0 = Debug|Any CPU
		{2A1583F9-594B-4A60-B42B-D7B37CC82AA7}.Release|Any CPU.ActiveCfg = Release|Any CPU
		{2A1583F9-594B-4A60-B42B-D7B37CC82AA7}.Release|Any CPU.Build.0 = Release|Any CPU
	EndGlobalSection
	GlobalSection(SolutionProperties) = preSolution
		HideSolutionNode = FALSE
	EndGlobalSection
	GlobalSection(NestedProjects) = preSolution
		{7D6EB982-BD1E-41BB-B925-307E79332A7F} = {35AEA6B7-D5B9-4B69-9C63-BAFE7F745453}
		{36C9CE91-A485-410A-ABFD-E8F9D531D870} = {35AEA6B7-D5B9-4B69-9C63-BAFE7F745453}
		{1FB37B67-B0F4-41AC-B450-024727D65B42} = {C91629AD-5439-427A-AAB2-47C5D5CFBD10}
		{51B6B0A7-1B66-4812-865B-6848A6D37E19} = {2483B786-610C-4C01-AE7F-6F11933BBA0B}
		{8FBBA8F8-547E-4922-8AEF-27B917EA53D7} = {C91629AD-5439-427A-AAB2-47C5D5CFBD10}
		{C8F49B4C-4924-498D-99B6-08A444873031} = {853937B2-9CA5-49C2-9EB1-34C7513A5027}
		{949E049F-104A-464A-B6ED-8DA52B55F594} = {853937B2-9CA5-49C2-9EB1-34C7513A5027}
		{D8F5268D-988D-4D5A-99E9-5155E310E1E0} = {35AEA6B7-D5B9-4B69-9C63-BAFE7F745453}
		{3857DDEB-A8C4-4165-B1A3-C54B0AC4DEEF} = {35AEA6B7-D5B9-4B69-9C63-BAFE7F745453}
		{8153A669-715C-40A5-87B8-AF1F9F90A8FB} = {853937B2-9CA5-49C2-9EB1-34C7513A5027}
		{2A1583F9-594B-4A60-B42B-D7B37CC82AA7} = {8153A669-715C-40A5-87B8-AF1F9F90A8FB}
	EndGlobalSection
	GlobalSection(ExtensibilityGlobals) = postSolution
		SolutionGuid = {B6542307-181D-4B5F-BC5B-7A1B1E6B47D9}
	EndGlobalSection
EndGlobal
